// !!!!!!!!!!!!!!!!!!!!!!!!!!!!!!!!!!!!!!!!!!!!!!!!!!!!!!!!!!!!!!!!!!!!!!!!!!!!!
// Minimal Xcode project for MirroringApp (iOS app + Broadcast Upload Extension)
// You should run `pod install` and open the generated .xcworkspace for builds.
// Update bundle identifiers and App Group in entitlements to your team settings.
// !!!!!!!!!!!!!!!!!!!!!!!!!!!!!!!!!!!!!!!!!!!!!!!!!!!!!!!!!!!!!!!!!!!!!!!!!!!!!
{
  archiveVersion = 1;
  classes = {};
  objectVersion = 55;
  objects = {

/* Begin PBXBuildFile section */
    111111111111111100000001 /* AppDelegate.swift in Sources */ = {isa = PBXBuildFile; fileRef = 111111111111111100000011 /* AppDelegate.swift */; };
    111111111111111100000002 /* SceneDelegate.swift in Sources */ = {isa = PBXBuildFile; fileRef = 111111111111111100000012 /* SceneDelegate.swift */; };
    111111111111111100000003 /* MainViewController.swift in Sources */ = {isa = PBXBuildFile; fileRef = 111111111111111100000013 /* MainViewController.swift */; };
    222222222222222200000001 /* SampleHandler.swift in Sources */ = {isa = PBXBuildFile; fileRef = 222222222222222200000011 /* SampleHandler.swift */; };
    222222222222222200000002 /* PeerConnection.swift in Sources */ = {isa = PBXBuildFile; fileRef = 222222222222222200000012 /* PeerConnection.swift */; };
    222222222222222200000003 /* Signaling.swift in Sources */ = {isa = PBXBuildFile; fileRef = 222222222222222200000013 /* Signaling.swift */; };
    222222222222222200000004 /* ReplayKitCapturer.swift in Sources */ = {isa = PBXBuildFile; fileRef = 222222222222222200000014 /* ReplayKitCapturer.swift */; };
    333333333333333300000001 /* BroadcastUploadExtension.appex in Embed App Extensions */ = {isa = PBXBuildFile; fileRef = AAAABBBBCCCCDDDD00000002 /* BroadcastUploadExtension.appex */; settings = {ATTRIBUTES = (RemoveHeadersOnCopy, ); }; };
/* End PBXBuildFile section */

/* Begin PBXFileReference section */
    111111111111111100000010 /* Info.plist */ = {isa = PBXFileReference; lastKnownFileType = text.plist.xml; path = Info.plist; sourceTree = "<group>"; };
    111111111111111100000011 /* AppDelegate.swift */ = {isa = PBXFileReference; lastKnownFileType = sourcecode.swift; path = AppDelegate.swift; sourceTree = "<group>"; };
    111111111111111100000012 /* SceneDelegate.swift */ = {isa = PBXFileReference; lastKnownFileType = sourcecode.swift; path = SceneDelegate.swift; sourceTree = "<group>"; };
    111111111111111100000013 /* MainViewController.swift */ = {isa = PBXFileReference; lastKnownFileType = sourcecode.swift; path = MainViewController.swift; sourceTree = "<group>"; };
    111111111111111100000014 /* MirroringApp.entitlements */ = {isa = PBXFileReference; lastKnownFileType = text.plist.entitlements; path = MirroringApp.entitlements; sourceTree = "<group>"; };

    222222222222222200000010 /* Info.plist */ = {isa = PBXFileReference; lastKnownFileType = text.plist.xml; path = Info.plist; sourceTree = "<group>"; };
    222222222222222200000011 /* SampleHandler.swift */ = {isa = PBXFileReference; lastKnownFileType = sourcecode.swift; path = SampleHandler.swift; sourceTree = "<group>"; };
    222222222222222200000012 /* PeerConnection.swift */ = {isa = PBXFileReference; lastKnownFileType = sourcecode.swift; path = PeerConnection.swift; sourceTree = "<group>"; };
    222222222222222200000013 /* Signaling.swift */ = {isa = PBXFileReference; lastKnownFileType = sourcecode.swift; path = Signaling.swift; sourceTree = "<group>"; };
    222222222222222200000014 /* ReplayKitCapturer.swift */ = {isa = PBXFileReference; lastKnownFileType = sourcecode.swift; path = ReplayKitCapturer.swift; sourceTree = "<group>"; };
    222222222222222200000015 /* BroadcastUploadExtension.entitlements */ = {isa = PBXFileReference; lastKnownFileType = text.plist.entitlements; path = BroadcastUploadExtension.entitlements; sourceTree = "<group>"; };

    AAAABBBBCCCCDDDD00000001 /* MirroringApp.app */ = {isa = PBXFileReference; explicitFileType = wrapper.application; path = MirroringApp.app; sourceTree = BUILT_PRODUCTS_DIR; };
    AAAABBBBCCCCDDDD00000002 /* BroadcastUploadExtension.appex */ = {isa = PBXFileReference; explicitFileType = wrapper.app-extension; path = BroadcastUploadExtension.appex; sourceTree = BUILT_PRODUCTS_DIR; };
/* End PBXFileReference section */

/* Begin PBXFrameworksBuildPhase section */
    AAAABBBBCCCCDDDD00000010 /* Frameworks */ = {isa = PBXFrameworksBuildPhase; buildActionMask = 2147483647; files = ( ); runOnlyForDeploymentPostprocessing = 0; };
    AAAABBBBCCCCDDDD00000011 /* Frameworks */ = {isa = PBXFrameworksBuildPhase; buildActionMask = 2147483647; files = ( ); runOnlyForDeploymentPostprocessing = 0; };
/* End PBXFrameworksBuildPhase section */

/* Begin PBXCopyFilesBuildPhase section */
    AAAABBBBCCCCDDDD00000034 /* Embed App Extensions */ = {
      isa = PBXCopyFilesBuildPhase;
      buildActionMask = 2147483647;
      dstPath = "";
      dstSubfolderSpec = 13;
      files = (
        333333333333333300000001 /* BroadcastUploadExtension.appex in Embed App Extensions */,
      );
      name = "Embed App Extensions";
      runOnlyForDeploymentPostprocessing = 0;
    };
/* End PBXCopyFilesBuildPhase section */

/* Begin PBXGroup section */
    000000000000000000000001 = {isa = PBXGroup; children = (
        111111111111111100000020 /* MirroringApp */,
        222222222222222200000020 /* BroadcastUploadExtension */,
        000000000000000000000002 /* Products */,
    ); sourceTree = "<group>"; };
    000000000000000000000002 /* Products */ = {isa = PBXGroup; children = (
        AAAABBBBCCCCDDDD00000001 /* MirroringApp.app */,
        AAAABBBBCCCCDDDD00000002 /* BroadcastUploadExtension.appex */,
    ); name = Products; sourceTree = "<group>"; };

    111111111111111100000020 /* MirroringApp */ = {isa = PBXGroup; children = (
        111111111111111100000011 /* AppDelegate.swift */,
        111111111111111100000012 /* SceneDelegate.swift */,
        111111111111111100000013 /* MainViewController.swift */,
        111111111111111100000014 /* MirroringApp.entitlements */,
        111111111111111100000010 /* Info.plist */,
    ); path = MirroringApp; sourceTree = "<group>"; };

    222222222222222200000020 /* BroadcastUploadExtension */ = {isa = PBXGroup; children = (
        222222222222222200000011 /* SampleHandler.swift */,
        222222222222222200000012 /* PeerConnection.swift */,
        222222222222222200000013 /* Signaling.swift */,
        222222222222222200000014 /* ReplayKitCapturer.swift */,
        222222222222222200000015 /* BroadcastUploadExtension.entitlements */,
        222222222222222200000010 /* Info.plist */,
    ); path = BroadcastUploadExtension; sourceTree = "<group>"; };
/* End PBXGroup section */

/* Begin PBXNativeTarget section */
    AAAABBBBCCCCDDDD00000020 /* MirroringApp */ = {
      isa = PBXNativeTarget;
      buildConfigurationList = AAAABBBBCCCCDDDD00000050 /* Build configuration list for PBXNativeTarget "MirroringApp" */;
      buildPhases = (
        AAAABBBBCCCCDDDD00000030 /* Sources */,
        AAAABBBBCCCCDDDD00000010 /* Frameworks */,
        AAAABBBBCCCCDDDD00000031 /* Resources */,
        AAAABBBBCCCCDDDD00000034 /* Embed App Extensions */,
      );
      buildRules = ( );
      dependencies = ( );
      name = MirroringApp;
      productName = MirroringApp;
      productReference = AAAABBBBCCCCDDDD00000001 /* MirroringApp.app */;
      productType = "com.apple.product-type.application";
    };
    AAAABBBBCCCCDDDD00000021 /* BroadcastUploadExtension */ = {
      isa = PBXNativeTarget;
      buildConfigurationList = AAAABBBBCCCCDDDD00000051 /* Build configuration list for PBXNativeTarget "BroadcastUploadExtension" */;
      buildPhases = (
        AAAABBBBCCCCDDDD00000032 /* Sources */,
        AAAABBBBCCCCDDDD00000011 /* Frameworks */,
        AAAABBBBCCCCDDDD00000033 /* Resources */,
      );
      buildRules = ( );
      dependencies = ( );
      name = BroadcastUploadExtension;
      productName = BroadcastUploadExtension;
      productReference = AAAABBBBCCCCDDDD00000002 /* BroadcastUploadExtension.appex */;
      productType = "com.apple.product-type.app-extension";
    };
/* End PBXNativeTarget section */

/* Begin PBXProject section */
    AAAABBBBCCCCDDDD00000040 /* Project object */ = {
      isa = PBXProject;
      attributes = {
        LastSwiftUpdateCheck = 1500;
        LastUpgradeCheck = 1500;
        TargetAttributes = {
          AAAABBBBCCCCDDDD00000020 = { SystemCapabilities = { com.apple.ApplicationGroups.iOS = { enabled = 1; }; }; };
          AAAABBBBCCCCDDDD00000021 = { SystemCapabilities = { com.apple.ApplicationGroups.iOS = { enabled = 1; }; }; };
        };
      };
      buildConfigurationList = AAAABBBBCCCCDDDD00000052 /* Build configuration list for PBXProject "MirroringApp" */;
      compatibilityVersion = "Xcode 14.0";
      developmentRegion = en;
      hasScannedForEncodings = 0;
      knownRegions = (
        en,
      );
      mainGroup = 000000000000000000000001;
      productRefGroup = 000000000000000000000002 /* Products */;
      projectDirPath = "";
      projectRoot = "";
      targets = (
        AAAABBBBCCCCDDDD00000020 /* MirroringApp */,
        AAAABBBBCCCCDDDD00000021 /* BroadcastUploadExtension */,
      );
    };
/* End PBXProject section */

/* Begin PBXResourcesBuildPhase section */
    AAAABBBBCCCCDDDD00000031 /* Resources */ = {isa = PBXResourcesBuildPhase; buildActionMask = 2147483647; files = ( ); runOnlyForDeploymentPostprocessing = 0; };
    AAAABBBBCCCCDDDD00000033 /* Resources */ = {isa = PBXResourcesBuildPhase; buildActionMask = 2147483647; files = ( ); runOnlyForDeploymentPostprocessing = 0; };
/* End PBXResourcesBuildPhase section */

/* Begin PBXSourcesBuildPhase section */
    AAAABBBBCCCCDDDD00000030 /* Sources */ = {isa = PBXSourcesBuildPhase; buildActionMask = 2147483647; files = (
        111111111111111100000001 /* AppDelegate.swift in Sources */,
        111111111111111100000002 /* SceneDelegate.swift in Sources */,
        111111111111111100000003 /* MainViewController.swift in Sources */,
      ); runOnlyForDeploymentPostprocessing = 0; };
    AAAABBBBCCCCDDDD00000032 /* Sources */ = {isa = PBXSourcesBuildPhase; buildActionMask = 2147483647; files = (
        222222222222222200000001 /* SampleHandler.swift in Sources */,
        222222222222222200000002 /* PeerConnection.swift in Sources */,
        222222222222222200000003 /* Signaling.swift in Sources */,
        222222222222222200000004 /* ReplayKitCapturer.swift in Sources */,
      ); runOnlyForDeploymentPostprocessing = 0; };
/* End PBXSourcesBuildPhase section */

/* Begin XCBuildConfiguration section */
    AAAABBBBCCCCDDDD00000060 /* Debug */ = {isa = XCBuildConfiguration; buildSettings = {
        IPHONEOS_DEPLOYMENT_TARGET = 15.0;
        SWIFT_VERSION = 5.0;
      }; name = Debug; };
    AAAABBBBCCCCDDDD00000061 /* Release */ = {isa = XCBuildConfiguration; buildSettings = {
        IPHONEOS_DEPLOYMENT_TARGET = 15.0;
        SWIFT_VERSION = 5.0;
      }; name = Release; };

    AAAABBBBCCCCDDDD00000062 /* Debug */ = {isa = XCBuildConfiguration; buildSettings = {
        ASSETCATALOG_COMPILER_APPICON_NAME = AppIcon;
        CODE_SIGN_ENTITLEMENTS = MirroringApp/MirroringApp.entitlements;
        CODE_SIGN_STYLE = Automatic;
        CURRENT_PROJECT_VERSION = 1;
        GENERATE_INFOPLIST_FILE = NO;
        INFOPLIST_FILE = MirroringApp/Info.plist;
        IPHONEOS_DEPLOYMENT_TARGET = 15.0;
        PRODUCT_BUNDLE_IDENTIFIER = com.yourcompany.mirroringapp;
        PRODUCT_NAME = "$(TARGET_NAME)";
        SWIFT_VERSION = 5.0;
        TARGETED_DEVICE_FAMILY = "1,2";
      }; name = Debug; };
    AAAABBBBCCCCDDDD00000063 /* Release */ = {isa = XCBuildConfiguration; buildSettings = {
        ASSETCATALOG_COMPILER_APPICON_NAME = AppIcon;
        CODE_SIGN_ENTITLEMENTS = MirroringApp/MirroringApp.entitlements;
        CODE_SIGN_STYLE = Automatic;
        CURRENT_PROJECT_VERSION = 1;
        GENERATE_INFOPLIST_FILE = NO;
        INFOPLIST_FILE = MirroringApp/Info.plist;
        IPHONEOS_DEPLOYMENT_TARGET = 15.0;
        PRODUCT_BUNDLE_IDENTIFIER = com.yourcompany.mirroringapp;
        PRODUCT_NAME = "$(TARGET_NAME)";
        SWIFT_VERSION = 5.0;
        TARGETED_DEVICE_FAMILY = "1,2";
      }; name = Release; };

    AAAABBBBCCCCDDDD00000064 /* Debug */ = {isa = XCBuildConfiguration; buildSettings = {
        CODE_SIGN_ENTITLEMENTS = BroadcastUploadExtension/BroadcastUploadExtension.entitlements;
        CODE_SIGN_STYLE = Automatic;
        CURRENT_PROJECT_VERSION = 1;
        GENERATE_INFOPLIST_FILE = NO;
        INFOPLIST_FILE = BroadcastUploadExtension/Info.plist;
        IPHONEOS_DEPLOYMENT_TARGET = 15.0;
        LD_RUNPATH_SEARCH_PATHS = "$(inherited) @executable_path/Frameworks @executable_path/../../Frameworks";
        PRODUCT_BUNDLE_IDENTIFIER = com.yourcompany.mirroringapp.BroadcastUploadExtension;
        PRODUCT_NAME = "$(TARGET_NAME)";
        SKIP_INSTALL = YES;
        SWIFT_VERSION = 5.0;
      }; name = Debug; };
    AAAABBBBCCCCDDDD00000065 /* Release */ = {isa = XCBuildConfiguration; buildSettings = {
        CODE_SIGN_ENTITLEMENTS = BroadcastUploadExtension/BroadcastUploadExtension.entitlements;
        CODE_SIGN_STYLE = Automatic;
        CURRENT_PROJECT_VERSION = 1;
        GENERATE_INFOPLIST_FILE = NO;
        INFOPLIST_FILE = BroadcastUploadExtension/Info.plist;
        IPHONEOS_DEPLOYMENT_TARGET = 15.0;
        LD_RUNPATH_SEARCH_PATHS = "$(inherited) @executable_path/Frameworks @executable_path/../../Frameworks";
        PRODUCT_BUNDLE_IDENTIFIER = com.yourcompany.mirroringapp.BroadcastUploadExtension;
        PRODUCT_NAME = "$(TARGET_NAME)";
        SKIP_INSTALL = YES;
        SWIFT_VERSION = 5.0;
      }; name = Release; };
/* End XCBuildConfiguration section */

/* Begin XCConfigurationList section */
    AAAABBBBCCCCDDDD00000050 /* Build configuration list for PBXNativeTarget "MirroringApp" */ = {isa = XCConfigurationList; buildConfigurations = (
        AAAABBBBCCCCDDDD00000062 /* Debug */,
        AAAABBBBCCCCDDDD00000063 /* Release */,
      ); defaultConfigurationIsVisible = 0; defaultConfigurationName = Release; };
    AAAABBBBCCCCDDDD00000051 /* Build configuration list for PBXNativeTarget "BroadcastUploadExtension" */ = {isa = XCConfigurationList; buildConfigurations = (
        AAAABBBBCCCCDDDD00000064 /* Debug */,
        AAAABBBBCCCCDDDD00000065 /* Release */,
      ); defaultConfigurationIsVisible = 0; defaultConfigurationName = Release; };
    AAAABBBBCCCCDDDD00000052 /* Build configuration list for PBXProject "MirroringApp" */ = {isa = XCConfigurationList; buildConfigurations = (
        AAAABBBBCCCCDDDD00000060 /* Debug */,
        AAAABBBBCCCCDDDD00000061 /* Release */,
      ); defaultConfigurationIsVisible = 0; defaultConfigurationName = Release; };
/* End XCConfigurationList section */

  };
  rootObject = AAAABBBBCCCCDDDD00000040 /* Project object */;
}
